
Microsoft Visual Studio Solution File, Format Version 12.00
# Visual Studio Version 17
VisualStudioVersion = 17.0.31903.59
MinimumVisualStudioVersion = 10.0.40219.1
Project("{FAE04EC0-301F-11D3-BF4B-00C04F79EFBC}") = "OpenRelease", "OpenRelease\OpenRelease.csproj", "{08739862-B21C-495E-B883-63DE0433AFE9}"
EndProject
Project("{FAE04EC0-301F-11D3-BF4B-00C04F79EFBC}") = "OpenRelease.API", "OpenRelease.API\OpenRelease.API.csproj", "{48E81276-D25E-4367-8DEA-4E745C1BC3DF}"
EndProject
Project("{FAE04EC0-301F-11D3-BF4B-00C04F79EFBC}") = "OpenRelease.Crypto", "OpenRelease.Crypto\OpenRelease.Crypto.csproj", "{C761D2DF-9909-4704-876A-0EFF4158AB77}"
EndProject
Project("{FAE04EC0-301F-11D3-BF4B-00C04F79EFBC}") = "OpenRelease.Type", "OpenRelease.Type\OpenRelease.Type.csproj", "{3B4313D7-942E-42DD-9BF8-FFAD158CCC19}"
EndProject
Project("{FAE04EC0-301F-11D3-BF4B-00C04F79EFBC}") = "OpenR", "OpenR\OpenR.csproj", "{F1FF0733-8D7A-4058-9910-F21C1DCF53B7}"
EndProject
Global
	GlobalSection(SolutionConfigurationPlatforms) = preSolution
		Debug|Any CPU = Debug|Any CPU
		Release|Any CPU = Release|Any CPU
	EndGlobalSection
	GlobalSection(ProjectConfigurationPlatforms) = postSolution
		{08739862-B21C-495E-B883-63DE0433AFE9}.Debug|Any CPU.ActiveCfg = Debug|Any CPU
		{08739862-B21C-495E-B883-63DE0433AFE9}.Debug|Any CPU.Build.0 = Debug|Any CPU
		{08739862-B21C-495E-B883-63DE0433AFE9}.Release|Any CPU.ActiveCfg = Release|Any CPU
		{08739862-B21C-495E-B883-63DE0433AFE9}.Release|Any CPU.Build.0 = Release|Any CPU
		{48E81276-D25E-4367-8DEA-4E745C1BC3DF}.Debug|Any CPU.ActiveCfg = Debug|Any CPU
		{48E81276-D25E-4367-8DEA-4E745C1BC3DF}.Debug|Any CPU.Build.0 = Debug|Any CPU
		{48E81276-D25E-4367-8DEA-4E745C1BC3DF}.Release|Any CPU.ActiveCfg = Release|Any CPU
		{48E81276-D25E-4367-8DEA-4E745C1BC3DF}.Release|Any CPU.Build.0 = Release|Any CPU
		{C761D2DF-9909-4704-876A-0EFF4158AB77}.Debug|Any CPU.ActiveCfg = Debug|Any CPU
		{C761D2DF-9909-4704-876A-0EFF4158AB77}.Debug|Any CPU.Build.0 = Debug|Any CPU
		{C761D2DF-9909-4704-876A-0EFF4158AB77}.Release|Any CPU.ActiveCfg = Release|Any CPU
		{C761D2DF-9909-4704-876A-0EFF4158AB77}.Release|Any CPU.Build.0 = Release|Any CPU
		{3B4313D7-942E-42DD-9BF8-FFAD158CCC19}.Debug|Any CPU.ActiveCfg = Debug|Any CPU
		{3B4313D7-942E-42DD-9BF8-FFAD158CCC19}.Debug|Any CPU.Build.0 = Debug|Any CPU
		{3B4313D7-942E-42DD-9BF8-FFAD158CCC19}.Release|Any CPU.ActiveCfg = Release|Any CPU
		{3B4313D7-942E-42DD-9BF8-FFAD158CCC19}.Release|Any CPU.Build.0 = Release|Any CPU
		{F1FF0733-8D7A-4058-9910-F21C1DCF53B7}.Debug|Any CPU.ActiveCfg = Debug|Any CPU
		{F1FF0733-8D7A-4058-9910-F21C1DCF53B7}.Debug|Any CPU.Build.0 = Debug|Any CPU
		{F1FF0733-8D7A-4058-9910-F21C1DCF53B7}.Release|Any CPU.ActiveCfg = Release|Any CPU
		{F1FF0733-8D7A-4058-9910-F21C1DCF53B7}.Release|Any CPU.Build.0 = Release|Any CPU
	EndGlobalSection
	GlobalSection(SolutionProperties) = preSolution
		HideSolutionNode = FALSE
	EndGlobalSection
	GlobalSection(ExtensibilityGlobals) = postSolution
		SolutionGuid = {C1B4678C-461F-40DE-BE87-3BAC9C6B8705}
	EndGlobalSection
EndGlobal
